{
  "version": 4,
  "terraform_version": "1.3.8",
  "serial": 1,
  "lineage": "cb9bdceb-f4e4-0c4e-813f-b8ea47043f72",
  "outputs": {},
  "resources": [
    {
      "mode": "managed",
      "type": "local_file",
      "name": "devops",
      "provider": "provider[\"registry.terraform.io/hashicorp/local\"]",
      "instances": [
        {
          "schema_version": 0,
          "attributes": {
            "content": "I want become the DevOps Engineer who knows Terraform",
            "content_base64": null,
            "directory_permission": "0777",
            "file_permission": "0777",
            "filename": "/mnt/terraform/terraform-local/devops-automated.txt",
            "id": "c2b551b61ce831bbe5f261b1eb8cdf082108a4e2",
            "sensitive_content": null,
            "source": null
          },
          "sensitive_attributes": []
        }
      ]
    }
  ],
  "check_results": null
}
